
Microsoft Visual Studio Solution File, Format Version 12.00
# Visual Studio Version 17
VisualStudioVersion = 17.4.33205.214
MinimumVisualStudioVersion = 10.0.40219.1
Project("{FAE04EC0-301F-11D3-BF4B-00C04F79EFBC}") = "WordCountChallenge", "WordCountChallenge\WordCountChallenge.csproj", "{D443EA35-BFE2-44FD-B222-D1C9D388B08B}"
EndProject
Global
	GlobalSection(SolutionConfigurationPlatforms) = preSolution
		Debug|Any CPU = Debug|Any CPU
		Release|Any CPU = Release|Any CPU
	EndGlobalSection
	GlobalSection(ProjectConfigurationPlatforms) = postSolution
		{D443EA35-BFE2-44FD-B222-D1C9D388B08B}.Debug|Any CPU.ActiveCfg = Debug|Any CPU
		{D443EA35-BFE2-44FD-B222-D1C9D388B08B}.Debug|Any CPU.Build.0 = Debug|Any CPU
		{D443EA35-BFE2-44FD-B222-D1C9D388B08B}.Release|Any CPU.ActiveCfg = Release|Any CPU
		{D443EA35-BFE2-44FD-B222-D1C9D388B08B}.Release|Any CPU.Build.0 = Release|Any CPU
	EndGlobalSection
	GlobalSection(SolutionProperties) = preSolution
		HideSolutionNode = FALSE
	EndGlobalSection
	GlobalSection(ExtensibilityGlobals) = postSolution
		SolutionGuid = {F03A86B5-06D1-49B0-A21C-1F7BF7EE6569}
	EndGlobalSection
EndGlobal
